
Microsoft Visual Studio Solution File, Format Version 12.00
# Visual Studio Version 16
VisualStudioVersion = 16.0.28922.388
MinimumVisualStudioVersion = 10.0.40219.1
Project("{FAE04EC0-301F-11D3-BF4B-00C04F79EFBC}") = "App1.Android", "App1.Android\App1.Android.csproj", "{1B78C7BB-2DCF-4325-9239-81FABDA478A8}"
EndProject
Project("{FAE04EC0-301F-11D3-BF4B-00C04F79EFBC}") = "App1.iOS", "App1.iOS\App1.iOS.csproj", "{D1952D3E-7818-4EDA-AED0-88FE5CAE9F02}"
EndProject
Project("{FAE04EC0-301F-11D3-BF4B-00C04F79EFBC}") = "App1", "App1\App1.csproj", "{1EB39C7A-E83C-4204-A545-A655D8F09F53}"
EndProject
Global
	GlobalSection(SolutionConfigurationPlatforms) = preSolution
		Debug|Any CPU = Debug|Any CPU
		Debug|iPhone = Debug|iPhone
		Debug|iPhoneSimulator = Debug|iPhoneSimulator
		Release|Any CPU = Release|Any CPU
		Release|iPhone = Release|iPhone
		Release|iPhoneSimulator = Release|iPhoneSimulator
	EndGlobalSection
	GlobalSection(ProjectConfigurationPlatforms) = postSolution
		{1B78C7BB-2DCF-4325-9239-81FABDA478A8}.Debug|Any CPU.ActiveCfg = Debug|Any CPU
		{1B78C7BB-2DCF-4325-9239-81FABDA478A8}.Debug|Any CPU.Build.0 = Debug|Any CPU
		{1B78C7BB-2DCF-4325-9239-81FABDA478A8}.Debug|Any CPU.Deploy.0 = Debug|Any CPU
		{1B78C7BB-2DCF-4325-9239-81FABDA478A8}.Debug|iPhone.ActiveCfg = Debug|Any CPU
		{1B78C7BB-2DCF-4325-9239-81FABDA478A8}.Debug|iPhone.Build.0 = Debug|Any CPU
		{1B78C7BB-2DCF-4325-9239-81FABDA478A8}.Debug|iPhone.Deploy.0 = Debug|Any CPU
		{1B78C7BB-2DCF-4325-9239-81FABDA478A8}.Debug|iPhoneSimulator.ActiveCfg = Debug|Any CPU
		{1B78C7BB-2DCF-4325-9239-81FABDA478A8}.Debug|iPhoneSimulator.Build.0 = Debug|Any CPU
		{1B78C7BB-2DCF-4325-9239-81FABDA478A8}.Debug|iPhoneSimulator.Deploy.0 = Debug|Any CPU
		{1B78C7BB-2DCF-4325-9239-81FABDA478A8}.Release|Any CPU.ActiveCfg = Release|Any CPU
		{1B78C7BB-2DCF-4325-9239-81FABDA478A8}.Release|Any CPU.Build.0 = Release|Any CPU
		{1B78C7BB-2DCF-4325-9239-81FABDA478A8}.Release|Any CPU.Deploy.0 = Release|Any CPU
		{1B78C7BB-2DCF-4325-9239-81FABDA478A8}.Release|iPhone.ActiveCfg = Release|Any CPU
		{1B78C7BB-2DCF-4325-9239-81FABDA478A8}.Release|iPhone.Build.0 = Release|Any CPU
		{1B78C7BB-2DCF-4325-9239-81FABDA478A8}.Release|iPhone.Deploy.0 = Release|Any CPU
		{1B78C7BB-2DCF-4325-9239-81FABDA478A8}.Release|iPhoneSimulator.ActiveCfg = Release|Any CPU
		{1B78C7BB-2DCF-4325-9239-81FABDA478A8}.Release|iPhoneSimulator.Build.0 = Release|Any CPU
		{1B78C7BB-2DCF-4325-9239-81FABDA478A8}.Release|iPhoneSimulator.Deploy.0 = Release|Any CPU
		{D1952D3E-7818-4EDA-AED0-88FE5CAE9F02}.Debug|Any CPU.ActiveCfg = Debug|iPhoneSimulator
		{D1952D3E-7818-4EDA-AED0-88FE5CAE9F02}.Debug|Any CPU.Build.0 = Debug|iPhoneSimulator
		{D1952D3E-7818-4EDA-AED0-88FE5CAE9F02}.Debug|Any CPU.Deploy.0 = Debug|iPhoneSimulator
		{D1952D3E-7818-4EDA-AED0-88FE5CAE9F02}.Debug|iPhone.ActiveCfg = Debug|iPhone
		{D1952D3E-7818-4EDA-AED0-88FE5CAE9F02}.Debug|iPhone.Build.0 = Debug|iPhone
		{D1952D3E-7818-4EDA-AED0-88FE5CAE9F02}.Debug|iPhone.Deploy.0 = Debug|iPhone
		{D1952D3E-7818-4EDA-AED0-88FE5CAE9F02}.Debug|iPhoneSimulator.ActiveCfg = Debug|iPhoneSimulator
		{D1952D3E-7818-4EDA-AED0-88FE5CAE9F02}.Debug|iPhoneSimulator.Build.0 = Debug|iPhoneSimulator
		{D1952D3E-7818-4EDA-AED0-88FE5CAE9F02}.Debug|iPhoneSimulator.Deploy.0 = Debug|iPhoneSimulator
		{D1952D3E-7818-4EDA-AED0-88FE5CAE9F02}.Release|Any CPU.ActiveCfg = Release|iPhone
		{D1952D3E-7818-4EDA-AED0-88FE5CAE9F02}.Release|Any CPU.Build.0 = Release|iPhone
		{D1952D3E-7818-4EDA-AED0-88FE5CAE9F02}.Release|Any CPU.Deploy.0 = Release|iPhone
		{D1952D3E-7818-4EDA-AED0-88FE5CAE9F02}.Release|iPhone.ActiveCfg = Release|iPhone
		{D1952D3E-7818-4EDA-AED0-88FE5CAE9F02}.Release|iPhone.Build.0 = Release|iPhone
		{D1952D3E-7818-4EDA-AED0-88FE5CAE9F02}.Release|iPhone.Deploy.0 = Release|iPhone
		{D1952D3E-7818-4EDA-AED0-88FE5CAE9F02}.Release|iPhoneSimulator.ActiveCfg = Release|iPhoneSimulator
		{D1952D3E-7818-4EDA-AED0-88FE5CAE9F02}.Release|iPhoneSimulator.Build.0 = Release|iPhoneSimulator
		{D1952D3E-7818-4EDA-AED0-88FE5CAE9F02}.Release|iPhoneSimulator.Deploy.0 = Release|iPhoneSimulator
		{1EB39C7A-E83C-4204-A545-A655D8F09F53}.Debug|Any CPU.ActiveCfg = Debug|Any CPU
		{1EB39C7A-E83C-4204-A545-A655D8F09F53}.Debug|Any CPU.Build.0 = Debug|Any CPU
		{1EB39C7A-E83C-4204-A545-A655D8F09F53}.Debug|Any CPU.Deploy.0 = Debug|Any CPU
		{1EB39C7A-E83C-4204-A545-A655D8F09F53}.Debug|iPhone.ActiveCfg = Debug|Any CPU
		{1EB39C7A-E83C-4204-A545-A655D8F09F53}.Debug|iPhone.Build.0 = Debug|Any CPU
		{1EB39C7A-E83C-4204-A545-A655D8F09F53}.Debug|iPhone.Deploy.0 = Debug|Any CPU
		{1EB39C7A-E83C-4204-A545-A655D8F09F53}.Debug|iPhoneSimulator.ActiveCfg = Debug|Any CPU
		{1EB39C7A-E83C-4204-A545-A655D8F09F53}.Debug|iPhoneSimulator.Build.0 = Debug|Any CPU
		{1EB39C7A-E83C-4204-A545-A655D8F09F53}.Debug|iPhoneSimulator.Deploy.0 = Debug|Any CPU
		{1EB39C7A-E83C-4204-A545-A655D8F09F53}.Release|Any CPU.ActiveCfg = Release|Any CPU
		{1EB39C7A-E83C-4204-A545-A655D8F09F53}.Release|Any CPU.Build.0 = Release|Any CPU
		{1EB39C7A-E83C-4204-A545-A655D8F09F53}.Release|Any CPU.Deploy.0 = Release|Any CPU
		{1EB39C7A-E83C-4204-A545-A655D8F09F53}.Release|iPhone.ActiveCfg = Release|Any CPU
		{1EB39C7A-E83C-4204-A545-A655D8F09F53}.Release|iPhone.Build.0 = Release|Any CPU
		{1EB39C7A-E83C-4204-A545-A655D8F09F53}.Release|iPhone.Deploy.0 = Release|Any CPU
		{1EB39C7A-E83C-4204-A545-A655D8F09F53}.Release|iPhoneSimulator.ActiveCfg = Release|Any CPU
		{1EB39C7A-E83C-4204-A545-A655D8F09F53}.Release|iPhoneSimulator.Build.0 = Release|Any CPU
		{1EB39C7A-E83C-4204-A545-A655D8F09F53}.Release|iPhoneSimulator.Deploy.0 = Release|Any CPU
	EndGlobalSection
	GlobalSection(SolutionProperties) = preSolution
		HideSolutionNode = FALSE
	EndGlobalSection
	GlobalSection(ExtensibilityGlobals) = postSolution
		SolutionGuid = {0DA207D2-7D9B-4A96-BB66-00795F67BC63}
	EndGlobalSection
EndGlobal
